lockfile_version: '1'
generated_at: '2026-05-15T14:04:00.700828+00:00'
apm_version: 0.13.0
dependencies:
- repo_url: dotnet/skills
  host: github.com
  resolved_commit: 3d59e44c7e4d15fa87ea715f5b8150e096a96a5b
  virtual_path: plugins/dotnet
  is_virtual: true
  package_type: marketplace_plugin
  deployed_files:
  - .agents/skills/csharp-scripts
  - .agents/skills/dotnet-pinvoke
  - .agents/skills/nuget-trusted-publishing
  content_hash: sha256:3ce92644d887e5ba60be8c4846ef9c7f26c545146d35107bb4bb691470c12ac5
  discovered_via: awesome-copilot
  marketplace_plugin_name: dotnet
- repo_url: dotnet/skills
  host: github.com
  resolved_commit: 3d59e44c7e4d15fa87ea715f5b8150e096a96a5b
  virtual_path: plugins/dotnet-diag
  is_virtual: true
  package_type: marketplace_plugin
  deployed_files:
  - .agents/skills/analyzing-dotnet-performance
  - .agents/skills/android-tombstone-symbolication
  - .agents/skills/apple-crash-symbolication
  - .agents/skills/clr-activation-debugging
  - .agents/skills/dotnet-trace-collect
  - .agents/skills/dump-collect
  - .agents/skills/microbenchmarking
  - .github/agents/optimizing-dotnet-performance.agent.md
  deployed_file_hashes:
    .github/agents/optimizing-dotnet-performance.agent.md: sha256:ac1867ca97fd5a25ea904737e03eb161c275f112a5d3c3265e73e2e3e65b8ae7
  content_hash: sha256:376f3fd5bf3da9e1d8c381c84fc0c652cbaf4cc5a5fba4d488fc8801295368b1
  discovered_via: awesome-copilot
  marketplace_plugin_name: dotnet-diag
- repo_url: dotnet/skills
  host: github.com
  resolved_commit: 3d59e44c7e4d15fa87ea715f5b8150e096a96a5b
  virtual_path: plugins/dotnet-test
  is_virtual: true
  package_type: marketplace_plugin
  deployed_files:
  - .agents/skills/assertion-quality
  - .agents/skills/code-testing-agent
  - .agents/skills/code-testing-extensions
  - .agents/skills/coverage-analysis
  - .agents/skills/crap-score
  - .agents/skills/detect-static-dependencies
  - .agents/skills/dotnet-test-frameworks
  - .agents/skills/filter-syntax
  - .agents/skills/generate-testability-wrappers
  - .agents/skills/migrate-mstest-v1v2-to-v3
  - .agents/skills/migrate-mstest-v3-to-v4
  - .agents/skills/migrate-static-to-wrapper
  - .agents/skills/migrate-vstest-to-mtp
  - .agents/skills/migrate-xunit-to-xunit-v3
  - .agents/skills/mtp-hot-reload
  - .agents/skills/platform-detection
  - .agents/skills/run-tests
  - .agents/skills/test-anti-patterns
  - .agents/skills/test-gap-analysis
  - .agents/skills/test-smell-detection
  - .agents/skills/test-tagging
  - .agents/skills/writing-mstest-tests
  - .github/agents/code-testing-builder.agent.md
  - .github/agents/code-testing-fixer.agent.md
  - .github/agents/code-testing-generator.agent.md
  - .github/agents/code-testing-implementer.agent.md
  - .github/agents/code-testing-linter.agent.md
  - .github/agents/code-testing-planner.agent.md
  - .github/agents/code-testing-researcher.agent.md
  - .github/agents/code-testing-tester.agent.md
  - .github/agents/test-migration.agent.md
  - .github/agents/test-quality-auditor.agent.md
  - .github/agents/testability-migration.agent.md
  deployed_file_hashes:
    .github/agents/code-testing-builder.agent.md: sha256:6a81734d4ecce8dd6fe39405aa3efac309b5157bbb46ab9d79cc535436f3ac34
    .github/agents/code-testing-fixer.agent.md: sha256:a02c1f5111ada99208c5f664c89ffa2a2977453f819fc6a82b01c11752ea492c
    .github/agents/code-testing-generator.agent.md: sha256:eb12b1cb11303e5e76c0688616d6b2eca7b51ca249883537f975982aa10e4107
    .github/agents/code-testing-implementer.agent.md: sha256:3d620daeb4786d886d28247ab59c3f6fba16f2ad947c396ba326380d4eb6837d
    .github/agents/code-testing-linter.agent.md: sha256:40916380eb80fab367936d31d5ee8e06a50aba27e46498bdfee7034dd45feb46
    .github/agents/code-testing-planner.agent.md: sha256:c645a7dff73bef5caf3a22f8559bd1d2e368962b6bbcf54c52a6d0a2c72a160a
    .github/agents/code-testing-researcher.agent.md: sha256:2a0586d85cb0e7075bad0a9665fe8339777970c4b66ec088e42ade4ba75eaf50
    .github/agents/code-testing-tester.agent.md: sha256:e04e27d6c9092c481cc8bc8024bed0e8792fee417d8915d8aec16e8597370fd9
    .github/agents/test-migration.agent.md: sha256:2a9f61776eae4b3b77353e9ac03c0e65c50c42534d9d33bb2408be958d17017a
    .github/agents/test-quality-auditor.agent.md: sha256:8daa154196f379f571d8c861e759229b3ecd445752658265f0e1b299aa29d318
    .github/agents/testability-migration.agent.md: sha256:10f14089fd3495500384e63e927ce8f75a2389214b55e13585129fb41770d607
  content_hash: sha256:413792fab92de1ac80c4f7386229fa2224ae93812169a6fcd71a0c2b2773851c
  discovered_via: awesome-copilot
  marketplace_plugin_name: dotnet-test
- repo_url: github/awesome-copilot
  host: github.com
  resolved_commit: 4e4b34c48d3f50934a7a073aed0d05fd46e99b09
  virtual_path: plugins/awesome-copilot
  is_virtual: true
  package_type: marketplace_plugin
  deployed_files:
  - .agents/skills/suggest-awesome-github-copilot-agents
  - .agents/skills/suggest-awesome-github-copilot-instructions
  - .agents/skills/suggest-awesome-github-copilot-skills
  - .github/agents/meta-agentic-project-scaffold.agent.md
  deployed_file_hashes:
    .github/agents/meta-agentic-project-scaffold.agent.md: sha256:ff165bf768655e2733948ee24b671672885d69b13ca9d16dd8343236816f5f24
  content_hash: sha256:41d38e70147d07aa6938bb7ec232162404aa5e98a066349f6b9d39ba1178d97a
  discovered_via: awesome-copilot
  marketplace_plugin_name: awesome-copilot
- repo_url: github/awesome-copilot
  host: github.com
  resolved_commit: 4e4b34c48d3f50934a7a073aed0d05fd46e99b09
  virtual_path: plugins/csharp-dotnet-development
  is_virtual: true
  package_type: marketplace_plugin
  deployed_files:
  - .agents/skills/aspnet-minimal-api-openapi
  - .agents/skills/csharp-async
  - .agents/skills/csharp-mstest
  - .agents/skills/csharp-nunit
  - .agents/skills/csharp-tunit
  - .agents/skills/csharp-xunit
  - .agents/skills/dotnet-best-practices
  - .agents/skills/dotnet-upgrade
  - .github/agents/expert-dotnet-software-engineer.agent.md
  deployed_file_hashes:
    .github/agents/expert-dotnet-software-engineer.agent.md: sha256:4c24ba7bb5dd6b7c79b2840a78d73ae02028776e7ce6f14ae7d86bd2e33f23bb
  content_hash: sha256:fb33ac51fcb93bb21d0a0d7ff6427e5d97712c84900cb70d08236acb5e4288cc
  discovered_via: awesome-copilot
  marketplace_plugin_name: csharp-dotnet-development
